
Microsoft Visual Studio Solution File, Format Version 12.00
# Visual Studio Version 17
VisualStudioVersion = 17.10.35013.160
MinimumVisualStudioVersion = 10.0.40219.1
Project("{FAE04EC0-301F-11D3-BF4B-00C04F79EFBC}") = "ČtenářksýDeník-Projekt", "ČtenářksýDeník-Projekt.csproj", "{4964E17A-2455-4954-B915-743301CE9D49}"
EndProject
Global
	GlobalSection(SolutionConfigurationPlatforms) = preSolution
		Debug|Any CPU = Debug|Any CPU
		Release|Any CPU = Release|Any CPU
	EndGlobalSection
	GlobalSection(ProjectConfigurationPlatforms) = postSolution
		{4964E17A-2455-4954-B915-743301CE9D49}.Debug|Any CPU.ActiveCfg = Debug|Any CPU
		{4964E17A-2455-4954-B915-743301CE9D49}.Debug|Any CPU.Build.0 = Debug|Any CPU
		{4964E17A-2455-4954-B915-743301CE9D49}.Release|Any CPU.ActiveCfg = Release|Any CPU
		{4964E17A-2455-4954-B915-743301CE9D49}.Release|Any CPU.Build.0 = Release|Any CPU
	EndGlobalSection
	GlobalSection(SolutionProperties) = preSolution
		HideSolutionNode = FALSE
	EndGlobalSection
	GlobalSection(ExtensibilityGlobals) = postSolution
		SolutionGuid = {849C115A-2CA9-46AA-B1B7-3D9754080979}
	EndGlobalSection
EndGlobal
